
Microsoft Visual Studio Solution File, Format Version 12.00
# Visual Studio Version 17
VisualStudioVersion = 17.11.35327.3
MinimumVisualStudioVersion = 10.0.40219.1
Project("{FAE04EC0-301F-11D3-BF4B-00C04F79EFBC}") = "NuoroLight.Domain", "NuoroLight.Domain\NuoroLight.Domain.csproj", "{126D01CC-CA8F-4D20-9023-D87454F9EFCC}"
EndProject
Project("{FAE04EC0-301F-11D3-BF4B-00C04F79EFBC}") = "NuoroLight.Application", "NuoroLight.Application\NuoroLight.Application.csproj", "{96B901F0-26BF-4627-B281-5FEE056E6F38}"
EndProject
Project("{FAE04EC0-301F-11D3-BF4B-00C04F79EFBC}") = "NuoroLight.Infrastructure", "NuoroLight.Infrastructure\NuoroLight.Infrastructure.csproj", "{D123D392-DD0C-4EE9-A61E-DAFA057A29CC}"
EndProject
Project("{FAE04EC0-301F-11D3-BF4B-00C04F79EFBC}") = "NuoroLight.Web", "NuoroLight.Web\NuoroLight.Web.csproj", "{7B497CD4-82ED-4A5D-A2C6-04DED6DD28E4}"
EndProject
Project("{FAE04EC0-301F-11D3-BF4B-00C04F79EFBC}") = "NuoroLight.Ioc", "NuoroLight.Ioc\NuoroLight.Ioc.csproj", "{A2626641-A330-4C3E-B454-F861097796C3}"
EndProject
Global
	GlobalSection(SolutionConfigurationPlatforms) = preSolution
		Debug|Any CPU = Debug|Any CPU
		Release|Any CPU = Release|Any CPU
	EndGlobalSection
	GlobalSection(ProjectConfigurationPlatforms) = postSolution
		{126D01CC-CA8F-4D20-9023-D87454F9EFCC}.Debug|Any CPU.ActiveCfg = Debug|Any CPU
		{126D01CC-CA8F-4D20-9023-D87454F9EFCC}.Debug|Any CPU.Build.0 = Debug|Any CPU
		{126D01CC-CA8F-4D20-9023-D87454F9EFCC}.Release|Any CPU.ActiveCfg = Release|Any CPU
		{126D01CC-CA8F-4D20-9023-D87454F9EFCC}.Release|Any CPU.Build.0 = Release|Any CPU
		{96B901F0-26BF-4627-B281-5FEE056E6F38}.Debug|Any CPU.ActiveCfg = Debug|Any CPU
		{96B901F0-26BF-4627-B281-5FEE056E6F38}.Debug|Any CPU.Build.0 = Debug|Any CPU
		{96B901F0-26BF-4627-B281-5FEE056E6F38}.Release|Any CPU.ActiveCfg = Release|Any CPU
		{96B901F0-26BF-4627-B281-5FEE056E6F38}.Release|Any CPU.Build.0 = Release|Any CPU
		{D123D392-DD0C-4EE9-A61E-DAFA057A29CC}.Debug|Any CPU.ActiveCfg = Debug|Any CPU
		{D123D392-DD0C-4EE9-A61E-DAFA057A29CC}.Debug|Any CPU.Build.0 = Debug|Any CPU
		{D123D392-DD0C-4EE9-A61E-DAFA057A29CC}.Release|Any CPU.ActiveCfg = Release|Any CPU
		{D123D392-DD0C-4EE9-A61E-DAFA057A29CC}.Release|Any CPU.Build.0 = Release|Any CPU
		{7B497CD4-82ED-4A5D-A2C6-04DED6DD28E4}.Debug|Any CPU.ActiveCfg = Debug|Any CPU
		{7B497CD4-82ED-4A5D-A2C6-04DED6DD28E4}.Debug|Any CPU.Build.0 = Debug|Any CPU
		{7B497CD4-82ED-4A5D-A2C6-04DED6DD28E4}.Release|Any CPU.ActiveCfg = Release|Any CPU
		{7B497CD4-82ED-4A5D-A2C6-04DED6DD28E4}.Release|Any CPU.Build.0 = Release|Any CPU
		{A2626641-A330-4C3E-B454-F861097796C3}.Debug|Any CPU.ActiveCfg = Debug|Any CPU
		{A2626641-A330-4C3E-B454-F861097796C3}.Debug|Any CPU.Build.0 = Debug|Any CPU
		{A2626641-A330-4C3E-B454-F861097796C3}.Release|Any CPU.ActiveCfg = Release|Any CPU
		{A2626641-A330-4C3E-B454-F861097796C3}.Release|Any CPU.Build.0 = Release|Any CPU
	EndGlobalSection
	GlobalSection(SolutionProperties) = preSolution
		HideSolutionNode = FALSE
	EndGlobalSection
	GlobalSection(ExtensibilityGlobals) = postSolution
		SolutionGuid = {0075FFF3-0D4B-4A94-8D8A-6431113647D1}
	EndGlobalSection
EndGlobal
